
Microsoft Visual Studio Solution File, Format Version 12.00
# Visual Studio Version 16
VisualStudioVersion = 16.0.32002.261
MinimumVisualStudioVersion = 10.0.40219.1
Project("{FAE04EC0-301F-11D3-BF4B-00C04F79EFBC}") = "TDCSalleCinema", "TDCSalleCinema\TDCSalleCinema.csproj", "{C17E25AE-0D22-40FE-9E22-C96AB6C780E8}"
EndProject
Global
	GlobalSection(SolutionConfigurationPlatforms) = preSolution
		Debug|Any CPU = Debug|Any CPU
		Release|Any CPU = Release|Any CPU
	EndGlobalSection
	GlobalSection(ProjectConfigurationPlatforms) = postSolution
		{C17E25AE-0D22-40FE-9E22-C96AB6C780E8}.Debug|Any CPU.ActiveCfg = Debug|Any CPU
		{C17E25AE-0D22-40FE-9E22-C96AB6C780E8}.Debug|Any CPU.Build.0 = Debug|Any CPU
		{C17E25AE-0D22-40FE-9E22-C96AB6C780E8}.Release|Any CPU.ActiveCfg = Release|Any CPU
		{C17E25AE-0D22-40FE-9E22-C96AB6C780E8}.Release|Any CPU.Build.0 = Release|Any CPU
	EndGlobalSection
	GlobalSection(SolutionProperties) = preSolution
		HideSolutionNode = FALSE
	EndGlobalSection
	GlobalSection(ExtensibilityGlobals) = postSolution
		SolutionGuid = {4E8D18C8-6A38-40AF-A6FA-34CD0AB44E4C}
	EndGlobalSection
EndGlobal
