
Microsoft Visual Studio Solution File, Format Version 12.00
# Visual Studio Version 16
VisualStudioVersion = 16.0.32002.261
MinimumVisualStudioVersion = 10.0.40219.1
Project("{FAE04EC0-301F-11D3-BF4B-00C04F79EFBC}") = "AP5SLAMS2", "AP5SLAMS2\AP5SLAMS2.csproj", "{29000394-C020-4E78-B663-794C9CA67630}"
EndProject
Global
	GlobalSection(SolutionConfigurationPlatforms) = preSolution
		Debug|Any CPU = Debug|Any CPU
		Release|Any CPU = Release|Any CPU
	EndGlobalSection
	GlobalSection(ProjectConfigurationPlatforms) = postSolution
		{29000394-C020-4E78-B663-794C9CA67630}.Debug|Any CPU.ActiveCfg = Debug|Any CPU
		{29000394-C020-4E78-B663-794C9CA67630}.Debug|Any CPU.Build.0 = Debug|Any CPU
		{29000394-C020-4E78-B663-794C9CA67630}.Release|Any CPU.ActiveCfg = Release|Any CPU
		{29000394-C020-4E78-B663-794C9CA67630}.Release|Any CPU.Build.0 = Release|Any CPU
	EndGlobalSection
	GlobalSection(SolutionProperties) = preSolution
		HideSolutionNode = FALSE
	EndGlobalSection
	GlobalSection(ExtensibilityGlobals) = postSolution
		SolutionGuid = {145599CB-8C72-4A00-BF22-DE6DB42CA17C}
	EndGlobalSection
EndGlobal
