
Microsoft Visual Studio Solution File, Format Version 12.00
# Visual Studio Version 16
VisualStudioVersion = 16.0.32002.261
MinimumVisualStudioVersion = 10.0.40219.1
Project("{FAE04EC0-301F-11D3-BF4B-00C04F79EFBC}") = "TDWinList", "TDWinList\TDWinList.csproj", "{ECE24247-FAF7-46FF-A466-047C63335F6F}"
EndProject
Global
	GlobalSection(SolutionConfigurationPlatforms) = preSolution
		Debug|Any CPU = Debug|Any CPU
		Release|Any CPU = Release|Any CPU
	EndGlobalSection
	GlobalSection(ProjectConfigurationPlatforms) = postSolution
		{ECE24247-FAF7-46FF-A466-047C63335F6F}.Debug|Any CPU.ActiveCfg = Debug|Any CPU
		{ECE24247-FAF7-46FF-A466-047C63335F6F}.Debug|Any CPU.Build.0 = Debug|Any CPU
		{ECE24247-FAF7-46FF-A466-047C63335F6F}.Release|Any CPU.ActiveCfg = Release|Any CPU
		{ECE24247-FAF7-46FF-A466-047C63335F6F}.Release|Any CPU.Build.0 = Release|Any CPU
	EndGlobalSection
	GlobalSection(SolutionProperties) = preSolution
		HideSolutionNode = FALSE
	EndGlobalSection
	GlobalSection(ExtensibilityGlobals) = postSolution
		SolutionGuid = {C848AC48-5B3D-414C-8E05-041975DCE86C}
	EndGlobalSection
EndGlobal
