
Microsoft Visual Studio Solution File, Format Version 12.00
# Visual Studio Version 16
VisualStudioVersion = 16.0.30128.74
MinimumVisualStudioVersion = 10.0.40219.1
Project("{FAE04EC0-301F-11D3-BF4B-00C04F79EFBC}") = "FactureModulaire", "FactureModulaire.csproj", "{98D93514-D147-44F8-9C67-3A0A78F7D898}"
EndProject
Global
	GlobalSection(SolutionConfigurationPlatforms) = preSolution
		Debug|Any CPU = Debug|Any CPU
		Release|Any CPU = Release|Any CPU
	EndGlobalSection
	GlobalSection(ProjectConfigurationPlatforms) = postSolution
		{98D93514-D147-44F8-9C67-3A0A78F7D898}.Debug|Any CPU.ActiveCfg = Debug|Any CPU
		{98D93514-D147-44F8-9C67-3A0A78F7D898}.Debug|Any CPU.Build.0 = Debug|Any CPU
		{98D93514-D147-44F8-9C67-3A0A78F7D898}.Release|Any CPU.ActiveCfg = Release|Any CPU
		{98D93514-D147-44F8-9C67-3A0A78F7D898}.Release|Any CPU.Build.0 = Release|Any CPU
	EndGlobalSection
	GlobalSection(SolutionProperties) = preSolution
		HideSolutionNode = FALSE
	EndGlobalSection
	GlobalSection(ExtensibilityGlobals) = postSolution
		SolutionGuid = {4F1940A8-2DA1-4364-A056-A35658C5E114}
	EndGlobalSection
EndGlobal
