
Microsoft Visual Studio Solution File, Format Version 12.00
# Visual Studio Version 16
VisualStudioVersion = 16.0.32002.261
MinimumVisualStudioVersion = 10.0.40219.1
Project("{FAE04EC0-301F-11D3-BF4B-00C04F79EFBC}") = "Bloc2SlamProj1", "Bloc2SlamProj1\Bloc2SlamProj1.csproj", "{F1A263DD-0A38-4D8C-B54A-F0EEC22253E0}"
EndProject
Global
	GlobalSection(SolutionConfigurationPlatforms) = preSolution
		Debug|Any CPU = Debug|Any CPU
		Release|Any CPU = Release|Any CPU
	EndGlobalSection
	GlobalSection(ProjectConfigurationPlatforms) = postSolution
		{F1A263DD-0A38-4D8C-B54A-F0EEC22253E0}.Debug|Any CPU.ActiveCfg = Debug|Any CPU
		{F1A263DD-0A38-4D8C-B54A-F0EEC22253E0}.Debug|Any CPU.Build.0 = Debug|Any CPU
		{F1A263DD-0A38-4D8C-B54A-F0EEC22253E0}.Release|Any CPU.ActiveCfg = Release|Any CPU
		{F1A263DD-0A38-4D8C-B54A-F0EEC22253E0}.Release|Any CPU.Build.0 = Release|Any CPU
	EndGlobalSection
	GlobalSection(SolutionProperties) = preSolution
		HideSolutionNode = FALSE
	EndGlobalSection
	GlobalSection(ExtensibilityGlobals) = postSolution
		SolutionGuid = {83ED3A54-8B36-4603-89DD-70A9045DBD3C}
	EndGlobalSection
EndGlobal
